
Microsoft Visual Studio Solution File, Format Version 12.00
# Visual Studio Version 17
VisualStudioVersion = 17.8.34330.188
MinimumVisualStudioVersion = 10.0.40219.1
Project("{2150E333-8FDC-42A3-9474-1A3956D46DE8}") = "Test", "Test", "{3E9C8A61-47E1-439F-865D-91042717A003}"
EndProject
Project("{2150E333-8FDC-42A3-9474-1A3956D46DE8}") = "Doc", "Doc", "{AEFBB81E-1FF3-414D-9C1F-1E4EE1EFCB06}"
EndProject
Project("{2150E333-8FDC-42A3-9474-1A3956D46DE8}") = "Src", "Src", "{B1E9D945-459E-43AF-A201-4698B381CEAF}"
EndProject
Project("{2150E333-8FDC-42A3-9474-1A3956D46DE8}") = "Common", "Common", "{5ED14EA7-0A92-47EE-8269-541C6DD1D7C3}"
EndProject
Project("{2150E333-8FDC-42A3-9474-1A3956D46DE8}") = "Core", "Core", "{9BABAF92-1341-4BCD-AD04-31FCEB6E2A61}"
EndProject
Project("{2150E333-8FDC-42A3-9474-1A3956D46DE8}") = "Infrastructure", "Infrastructure", "{C0A9E212-0674-4E07-A8E3-BEEE96B5F54D}"
EndProject
Project("{2150E333-8FDC-42A3-9474-1A3956D46DE8}") = "Presentation", "Presentation", "{5D6F0DCF-1205-4075-A751-4089B14D1A2A}"
EndProject
Project("{FAE04EC0-301F-11D3-BF4B-00C04F79EFBC}") = "DataSample.Common", "DataSample.Common\DataSample.Common.csproj", "{B95A9982-2888-4811-8C6B-9E5772661A9E}"
EndProject
Project("{FAE04EC0-301F-11D3-BF4B-00C04F79EFBC}") = "DataSample.Application", "DataSample.Application\DataSample.Application.csproj", "{969ED25B-9E42-4008-A43B-8745E2BD0362}"
EndProject
Project("{FAE04EC0-301F-11D3-BF4B-00C04F79EFBC}") = "DataSample.Domain", "DataSample.Domain\DataSample.Domain.csproj", "{9E7569E9-8999-431E-8052-E7286B667DAD}"
EndProject
Project("{FAE04EC0-301F-11D3-BF4B-00C04F79EFBC}") = "DataSample.Infrastructure", "DataSample.Infrastructure\DataSample.Infrastructure.csproj", "{2D6B982A-A53D-4C97-A7A4-09AFE1BE160C}"
EndProject
Project("{FAE04EC0-301F-11D3-BF4B-00C04F79EFBC}") = "DataSample.Persistence", "DataSample.Persistence\DataSample.Persistence.csproj", "{A8CF55D6-EA99-440D-A2B5-D2B8325E48C5}"
EndProject
Project("{FAE04EC0-301F-11D3-BF4B-00C04F79EFBC}") = "EndPoint.API", "EndPoint.API\EndPoint.API.csproj", "{E525FAE9-DF3E-4BEA-8FD2-4E227C61896A}"
EndProject
Global
	GlobalSection(SolutionConfigurationPlatforms) = preSolution
		Debug|Any CPU = Debug|Any CPU
		Release|Any CPU = Release|Any CPU
	EndGlobalSection
	GlobalSection(ProjectConfigurationPlatforms) = postSolution
		{B95A9982-2888-4811-8C6B-9E5772661A9E}.Debug|Any CPU.ActiveCfg = Debug|Any CPU
		{B95A9982-2888-4811-8C6B-9E5772661A9E}.Debug|Any CPU.Build.0 = Debug|Any CPU
		{B95A9982-2888-4811-8C6B-9E5772661A9E}.Release|Any CPU.ActiveCfg = Release|Any CPU
		{B95A9982-2888-4811-8C6B-9E5772661A9E}.Release|Any CPU.Build.0 = Release|Any CPU
		{969ED25B-9E42-4008-A43B-8745E2BD0362}.Debug|Any CPU.ActiveCfg = Debug|Any CPU
		{969ED25B-9E42-4008-A43B-8745E2BD0362}.Debug|Any CPU.Build.0 = Debug|Any CPU
		{969ED25B-9E42-4008-A43B-8745E2BD0362}.Release|Any CPU.ActiveCfg = Release|Any CPU
		{969ED25B-9E42-4008-A43B-8745E2BD0362}.Release|Any CPU.Build.0 = Release|Any CPU
		{9E7569E9-8999-431E-8052-E7286B667DAD}.Debug|Any CPU.ActiveCfg = Debug|Any CPU
		{9E7569E9-8999-431E-8052-E7286B667DAD}.Debug|Any CPU.Build.0 = Debug|Any CPU
		{9E7569E9-8999-431E-8052-E7286B667DAD}.Release|Any CPU.ActiveCfg = Release|Any CPU
		{9E7569E9-8999-431E-8052-E7286B667DAD}.Release|Any CPU.Build.0 = Release|Any CPU
		{2D6B982A-A53D-4C97-A7A4-09AFE1BE160C}.Debug|Any CPU.ActiveCfg = Debug|Any CPU
		{2D6B982A-A53D-4C97-A7A4-09AFE1BE160C}.Debug|Any CPU.Build.0 = Debug|Any CPU
		{2D6B982A-A53D-4C97-A7A4-09AFE1BE160C}.Release|Any CPU.ActiveCfg = Release|Any CPU
		{2D6B982A-A53D-4C97-A7A4-09AFE1BE160C}.Release|Any CPU.Build.0 = Release|Any CPU
		{A8CF55D6-EA99-440D-A2B5-D2B8325E48C5}.Debug|Any CPU.ActiveCfg = Debug|Any CPU
		{A8CF55D6-EA99-440D-A2B5-D2B8325E48C5}.Debug|Any CPU.Build.0 = Debug|Any CPU
		{A8CF55D6-EA99-440D-A2B5-D2B8325E48C5}.Release|Any CPU.ActiveCfg = Release|Any CPU
		{A8CF55D6-EA99-440D-A2B5-D2B8325E48C5}.Release|Any CPU.Build.0 = Release|Any CPU
		{E525FAE9-DF3E-4BEA-8FD2-4E227C61896A}.Debug|Any CPU.ActiveCfg = Debug|Any CPU
		{E525FAE9-DF3E-4BEA-8FD2-4E227C61896A}.Debug|Any CPU.Build.0 = Debug|Any CPU
		{E525FAE9-DF3E-4BEA-8FD2-4E227C61896A}.Release|Any CPU.ActiveCfg = Release|Any CPU
		{E525FAE9-DF3E-4BEA-8FD2-4E227C61896A}.Release|Any CPU.Build.0 = Release|Any CPU
	EndGlobalSection
	GlobalSection(SolutionProperties) = preSolution
		HideSolutionNode = FALSE
	EndGlobalSection
	GlobalSection(NestedProjects) = preSolution
		{5ED14EA7-0A92-47EE-8269-541C6DD1D7C3} = {B1E9D945-459E-43AF-A201-4698B381CEAF}
		{9BABAF92-1341-4BCD-AD04-31FCEB6E2A61} = {B1E9D945-459E-43AF-A201-4698B381CEAF}
		{C0A9E212-0674-4E07-A8E3-BEEE96B5F54D} = {B1E9D945-459E-43AF-A201-4698B381CEAF}
		{5D6F0DCF-1205-4075-A751-4089B14D1A2A} = {B1E9D945-459E-43AF-A201-4698B381CEAF}
		{B95A9982-2888-4811-8C6B-9E5772661A9E} = {5ED14EA7-0A92-47EE-8269-541C6DD1D7C3}
		{969ED25B-9E42-4008-A43B-8745E2BD0362} = {9BABAF92-1341-4BCD-AD04-31FCEB6E2A61}
		{9E7569E9-8999-431E-8052-E7286B667DAD} = {9BABAF92-1341-4BCD-AD04-31FCEB6E2A61}
		{2D6B982A-A53D-4C97-A7A4-09AFE1BE160C} = {C0A9E212-0674-4E07-A8E3-BEEE96B5F54D}
		{A8CF55D6-EA99-440D-A2B5-D2B8325E48C5} = {C0A9E212-0674-4E07-A8E3-BEEE96B5F54D}
		{E525FAE9-DF3E-4BEA-8FD2-4E227C61896A} = {5D6F0DCF-1205-4075-A751-4089B14D1A2A}
	EndGlobalSection
	GlobalSection(ExtensibilityGlobals) = postSolution
		SolutionGuid = {28714C49-8469-459C-B1C3-6BA2A78D8070}
	EndGlobalSection
EndGlobal
